{
    "_meta": {
        "hash": {
            "sha256": "781bce8b0ca35a61d25fac19bfbe322ec38955f0d60f4a92e40521fa117adb5c"
        },
        "pipfile-spec": 6,
        "requires": {
            "python_version": "3.10"
        },
        "sources": [
            {
                "name": "pypi",
                "url": "https://pypi.org/simple",
                "verify_ssl": true
            }
        ]
    },
    "default": {
        "websocket-client": {
            "hashes": [
                "sha256:c951af98631d24f8df89ab1019fc365f2227c0892f12fd150e935607c79dd0dd",
                "sha256:f1f9f2ad5291f0225a49efad77abf9e700b6fef553900623060dad6e26503b9d"
            ],
            "index": "pypi",
            "version": "==1.6.1"
        }
    },
    "develop": {}
}
